// !$*UTF8*$!
{
	archiveVersion = 1;
	classes = {
	};
	objectVersion = 56;
	objects = {

/* Begin PBXBuildFile section */
		FAAF7167293E66AD005FFABF /* ReminderDoneButton.swift in Sources */ = {isa = PBXBuildFile; fileRef = FAAF7166293E66AD005FFABF /* ReminderDoneButton.swift */; };
		FAAF7169293E67A3005FFABF /* ReminderListViewController+Actions.swift in Sources */ = {isa = PBXBuildFile; fileRef = FAAF7168293E67A3005FFABF /* ReminderListViewController+Actions.swift */; };
		FABB7457293D0672002A097A /* Date+Today.swift in Sources */ = {isa = PBXBuildFile; fileRef = FABB7456293D0672002A097A /* Date+Today.swift */; };
		FABB745A293D1404002A097A /* ReminderListViewController+DataSource.swift in Sources */ = {isa = PBXBuildFile; fileRef = FABB7459293D1404002A097A /* ReminderListViewController+DataSource.swift */; };
		FABB745C293D19A4002A097A /* UIColor+Today.swift in Sources */ = {isa = PBXBuildFile; fileRef = FABB745B293D19A4002A097A /* UIColor+Today.swift */; };
		FABDC418293937CA00674C9C /* AppDelegate.swift in Sources */ = {isa = PBXBuildFile; fileRef = FABDC417293937CA00674C9C /* AppDelegate.swift */; };
		FABDC41A293937CA00674C9C /* SceneDelegate.swift in Sources */ = {isa = PBXBuildFile; fileRef = FABDC419293937CA00674C9C /* SceneDelegate.swift */; };
		FABDC41F293937CA00674C9C /* Main.storyboard in Resources */ = {isa = PBXBuildFile; fileRef = FABDC41D293937CA00674C9C /* Main.storyboard */; };
		FABDC421293937CC00674C9C /* Assets.xcassets in Resources */ = {isa = PBXBuildFile; fileRef = FABDC420293937CC00674C9C /* Assets.xcassets */; };
		FABDC424293937CC00674C9C /* LaunchScreen.storyboard in Resources */ = {isa = PBXBuildFile; fileRef = FABDC422293937CC00674C9C /* LaunchScreen.storyboard */; };
		FABDC42E29393C0300674C9C /* ReminderListViewController.swift in Sources */ = {isa = PBXBuildFile; fileRef = FABDC42D29393C0300674C9C /* ReminderListViewController.swift */; };
		FABDC43129393C3A00674C9C /* Reminder.swift in Sources */ = {isa = PBXBuildFile; fileRef = FABDC43029393C3A00674C9C /* Reminder.swift */; };
		FACEE9A8293E96080086289C /* ReminderViewController.swift in Sources */ = {isa = PBXBuildFile; fileRef = FACEE9A7293E96080086289C /* ReminderViewController.swift */; };
/* End PBXBuildFile section */

/* Begin PBXFileReference section */
		FAAF7166293E66AD005FFABF /* ReminderDoneButton.swift */ = {isa = PBXFileReference; lastKnownFileType = sourcecode.swift; path = ReminderDoneButton.swift; sourceTree = "<group>"; };
		FAAF7168293E67A3005FFABF /* ReminderListViewController+Actions.swift */ = {isa = PBXFileReference; lastKnownFileType = sourcecode.swift; path = "ReminderListViewController+Actions.swift"; sourceTree = "<group>"; };
		FABB7456293D0672002A097A /* Date+Today.swift */ = {isa = PBXFileReference; lastKnownFileType = sourcecode.swift; path = "Date+Today.swift"; sourceTree = "<group>"; };
		FABB7459293D1404002A097A /* ReminderListViewController+DataSource.swift */ = {isa = PBXFileReference; lastKnownFileType = sourcecode.swift; path = "ReminderListViewController+DataSource.swift"; sourceTree = "<group>"; };
		FABB745B293D19A4002A097A /* UIColor+Today.swift */ = {isa = PBXFileReference; lastKnownFileType = sourcecode.swift; path = "UIColor+Today.swift"; sourceTree = "<group>"; };
		FABDC414293937CA00674C9C /* Today.app */ = {isa = PBXFileReference; explicitFileType = wrapper.application; includeInIndex = 0; path = Today.app; sourceTree = BUILT_PRODUCTS_DIR; };
		FABDC417293937CA00674C9C /* AppDelegate.swift */ = {isa = PBXFileReference; lastKnownFileType = sourcecode.swift; path = AppDelegate.swift; sourceTree = "<group>"; };
		FABDC419293937CA00674C9C /* SceneDelegate.swift */ = {isa = PBXFileReference; lastKnownFileType = sourcecode.swift; path = SceneDelegate.swift; sourceTree = "<group>"; };
		FABDC41E293937CA00674C9C /* Base */ = {isa = PBXFileReference; lastKnownFileType = file.storyboard; name = Base; path = Base.lproj/Main.storyboard; sourceTree = "<group>"; };
		FABDC420293937CC00674C9C /* Assets.xcassets */ = {isa = PBXFileReference; lastKnownFileType = folder.assetcatalog; path = Assets.xcassets; sourceTree = "<group>"; };
		FABDC423293937CC00674C9C /* Base */ = {isa = PBXFileReference; lastKnownFileType = file.storyboard; name = Base; path = Base.lproj/LaunchScreen.storyboard; sourceTree = "<group>"; };
		FABDC425293937CC00674C9C /* Info.plist */ = {isa = PBXFileReference; lastKnownFileType = text.plist.xml; path = Info.plist; sourceTree = "<group>"; };
		FABDC42D29393C0300674C9C /* ReminderListViewController.swift */ = {isa = PBXFileReference; lastKnownFileType = sourcecode.swift; path = ReminderListViewController.swift; sourceTree = "<group>"; };
		FABDC43029393C3A00674C9C /* Reminder.swift */ = {isa = PBXFileReference; lastKnownFileType = sourcecode.swift; path = Reminder.swift; sourceTree = "<group>"; };
		FACEE9A7293E96080086289C /* ReminderViewController.swift */ = {isa = PBXFileReference; lastKnownFileType = sourcecode.swift; path = ReminderViewController.swift; sourceTree = "<group>"; };
/* End PBXFileReference section */

/* Begin PBXFrameworksBuildPhase section */
		FABDC411293937CA00674C9C /* Frameworks */ = {
			isa = PBXFrameworksBuildPhase;
			buildActionMask = 2147483647;
			files = (
			);
			runOnlyForDeploymentPostprocessing = 0;
		};
/* End PBXFrameworksBuildPhase section */

/* Begin PBXGroup section */
		FABB7458293D0AE1002A097A /* ListViewController */ = {
			isa = PBXGroup;
			children = (
				FABDC42D29393C0300674C9C /* ReminderListViewController.swift */,
				FAAF7168293E67A3005FFABF /* ReminderListViewController+Actions.swift */,
				FABB7459293D1404002A097A /* ReminderListViewController+DataSource.swift */,
				FAAF7166293E66AD005FFABF /* ReminderDoneButton.swift */,
			);
			path = ListViewController;
			sourceTree = "<group>";
		};
		FABDC40B293937CA00674C9C = {
			isa = PBXGroup;
			children = (
				FABDC416293937CA00674C9C /* Today */,
				FABDC415293937CA00674C9C /* Products */,
			);
			sourceTree = "<group>";
		};
		FABDC415293937CA00674C9C /* Products */ = {
			isa = PBXGroup;
			children = (
				FABDC414293937CA00674C9C /* Today.app */,
			);
			name = Products;
			sourceTree = "<group>";
		};
		FABDC416293937CA00674C9C /* Today */ = {
			isa = PBXGroup;
			children = (
				FABDC42F29393C2700674C9C /* Models */,
				FABDC42B29393A9300674C9C /* Common */,
				FABB7458293D0AE1002A097A /* ListViewController */,
				FACEE9A9293E98300086289C /* ReminderViewController */,
				FABDC425293937CC00674C9C /* Info.plist */,
			);
			path = Today;
			sourceTree = "<group>";
		};
		FABDC42B29393A9300674C9C /* Common */ = {
			isa = PBXGroup;
			children = (
				FABDC417293937CA00674C9C /* AppDelegate.swift */,
				FABDC419293937CA00674C9C /* SceneDelegate.swift */,
				FABDC41D293937CA00674C9C /* Main.storyboard */,
				FABDC420293937CC00674C9C /* Assets.xcassets */,
				FABDC422293937CC00674C9C /* LaunchScreen.storyboard */,
			);
			path = Common;
			sourceTree = "<group>";
		};
		FABDC42F29393C2700674C9C /* Models */ = {
			isa = PBXGroup;
			children = (
				FABDC43029393C3A00674C9C /* Reminder.swift */,
				FABB745B293D19A4002A097A /* UIColor+Today.swift */,
				FABB7456293D0672002A097A /* Date+Today.swift */,
			);
			path = Models;
			sourceTree = "<group>";
		};
		FACEE9A9293E98300086289C /* ReminderViewController */ = {
			isa = PBXGroup;
			children = (
				FACEE9A7293E96080086289C /* ReminderViewController.swift */,
			);
			path = ReminderViewController;
			sourceTree = "<group>";
		};
/* End PBXGroup section */

/* Begin PBXNativeTarget section */
		FABDC413293937CA00674C9C /* Today */ = {
			isa = PBXNativeTarget;
			buildConfigurationList = FABDC428293937CC00674C9C /* Build configuration list for PBXNativeTarget "Today" */;
			buildPhases = (
				FABDC410293937CA00674C9C /* Sources */,
				FABDC411293937CA00674C9C /* Frameworks */,
				FABDC412293937CA00674C9C /* Resources */,
			);
			buildRules = (
			);
			dependencies = (
			);
			name = Today;
			productName = Today;
			productReference = FABDC414293937CA00674C9C /* Today.app */;
			productType = "com.apple.product-type.application";
		};
/* End PBXNativeTarget section */

/* Begin PBXProject section */
		FABDC40C293937CA00674C9C /* Project object */ = {
			isa = PBXProject;
			attributes = {
				BuildIndependentTargetsInParallel = 1;
				LastSwiftUpdateCheck = 1400;
				LastUpgradeCheck = 1400;
				TargetAttributes = {
					FABDC413293937CA00674C9C = {
						CreatedOnToolsVersion = 14.0.1;
					};
				};
			};
			buildConfigurationList = FABDC40F293937CA00674C9C /* Build configuration list for PBXProject "Today" */;
			compatibilityVersion = "Xcode 14.0";
			developmentRegion = en;
			hasScannedForEncodings = 0;
			knownRegions = (
				en,
				Base,
			);
			mainGroup = FABDC40B293937CA00674C9C;
			productRefGroup = FABDC415293937CA00674C9C /* Products */;
			projectDirPath = "";
			projectRoot = "";
			targets = (
				FABDC413293937CA00674C9C /* Today */,
			);
		};
/* End PBXProject section */

/* Begin PBXResourcesBuildPhase section */
		FABDC412293937CA00674C9C /* Resources */ = {
			isa = PBXResourcesBuildPhase;
			buildActionMask = 2147483647;
			files = (
				FABDC424293937CC00674C9C /* LaunchScreen.storyboard in Resources */,
				FABDC421293937CC00674C9C /* Assets.xcassets in Resources */,
				FABDC41F293937CA00674C9C /* Main.storyboard in Resources */,
			);
			runOnlyForDeploymentPostprocessing = 0;
		};
/* End PBXResourcesBuildPhase section */

/* Begin PBXSourcesBuildPhase section */
		FABDC410293937CA00674C9C /* Sources */ = {
			isa = PBXSourcesBuildPhase;
			buildActionMask = 2147483647;
			files = (
				FABB745C293D19A4002A097A /* UIColor+Today.swift in Sources */,
				FAAF7169293E67A3005FFABF /* ReminderListViewController+Actions.swift in Sources */,
				FACEE9A8293E96080086289C /* ReminderViewController.swift in Sources */,
				FABDC418293937CA00674C9C /* AppDelegate.swift in Sources */,
				FABB7457293D0672002A097A /* Date+Today.swift in Sources */,
				FAAF7167293E66AD005FFABF /* ReminderDoneButton.swift in Sources */,
				FABDC42E29393C0300674C9C /* ReminderListViewController.swift in Sources */,
				FABDC41A293937CA00674C9C /* SceneDelegate.swift in Sources */,
				FABDC43129393C3A00674C9C /* Reminder.swift in Sources */,
				FABB745A293D1404002A097A /* ReminderListViewController+DataSource.swift in Sources */,
			);
			runOnlyForDeploymentPostprocessing = 0;
		};
/* End PBXSourcesBuildPhase section */

/* Begin PBXVariantGroup section */
		FABDC41D293937CA00674C9C /* Main.storyboard */ = {
			isa = PBXVariantGroup;
			children = (
				FABDC41E293937CA00674C9C /* Base */,
			);
			name = Main.storyboard;
			sourceTree = "<group>";
		};
		FABDC422293937CC00674C9C /* LaunchScreen.storyboard */ = {
			isa = PBXVariantGroup;
			children = (
				FABDC423293937CC00674C9C /* Base */,
			);
			name = LaunchScreen.storyboard;
			sourceTree = "<group>";
		};
/* End PBXVariantGroup section */

/* Begin XCBuildConfiguration section */
		FABDC426293937CC00674C9C /* Debug */ = {
			isa = XCBuildConfiguration;
			buildSettings = {
				ALWAYS_SEARCH_USER_PATHS = NO;
				CLANG_ANALYZER_NONNULL = YES;
				CLANG_ANALYZER_NUMBER_OBJECT_CONVERSION = YES_AGGRESSIVE;
				CLANG_CXX_LANGUAGE_STANDARD = "gnu++20";
				CLANG_ENABLE_MODULES = YES;
				CLANG_ENABLE_OBJC_ARC = YES;
				CLANG_ENABLE_OBJC_WEAK = YES;
				CLANG_WARN_BLOCK_CAPTURE_AUTORELEASING = YES;
				CLANG_WARN_BOOL_CONVERSION = YES;
				CLANG_WARN_COMMA = YES;
				CLANG_WARN_CONSTANT_CONVERSION = YES;
				CLANG_WARN_DEPRECATED_OBJC_IMPLEMENTATIONS = YES;
				CLANG_WARN_DIRECT_OBJC_ISA_USAGE = YES_ERROR;
				CLANG_WARN_DOCUMENTATION_COMMENTS = YES;
				CLANG_WARN_EMPTY_BODY = YES;
				CLANG_WARN_ENUM_CONVERSION = YES;
				CLANG_WARN_INFINITE_RECURSION = YES;
				CLANG_WARN_INT_CONVERSION = YES;
				CLANG_WARN_NON_LITERAL_NULL_CONVERSION = YES;
				CLANG_WARN_OBJC_IMPLICIT_RETAIN_SELF = YES;
				CLANG_WARN_OBJC_LITERAL_CONVERSION = YES;
				CLANG_WARN_OBJC_ROOT_CLASS = YES_ERROR;
				CLANG_WARN_QUOTED_INCLUDE_IN_FRAMEWORK_HEADER = YES;
				CLANG_WARN_RANGE_LOOP_ANALYSIS = YES;
				CLANG_WARN_STRICT_PROTOTYPES = YES;
				CLANG_WARN_SUSPICIOUS_MOVE = YES;
				CLANG_WARN_UNGUARDED_AVAILABILITY = YES_AGGRESSIVE;
				CLANG_WARN_UNREACHABLE_CODE = YES;
				CLANG_WARN__DUPLICATE_METHOD_MATCH = YES;
				COPY_PHASE_STRIP = NO;
				DEBUG_INFORMATION_FORMAT = dwarf;
				ENABLE_STRICT_OBJC_MSGSEND = YES;
				ENABLE_TESTABILITY = YES;
				GCC_C_LANGUAGE_STANDARD = gnu11;
				GCC_DYNAMIC_NO_PIC = NO;
				GCC_NO_COMMON_BLOCKS = YES;
				GCC_OPTIMIZATION_LEVEL = 0;
				GCC_PREPROCESSOR_DEFINITIONS = (
					"DEBUG=1",
					"$(inherited)",
				);
				GCC_WARN_64_TO_32_BIT_CONVERSION = YES;
				GCC_WARN_ABOUT_RETURN_TYPE = YES_ERROR;
				GCC_WARN_UNDECLARED_SELECTOR = YES;
				GCC_WARN_UNINITIALIZED_AUTOS = YES_AGGRESSIVE;
				GCC_WARN_UNUSED_FUNCTION = YES;
				GCC_WARN_UNUSED_VARIABLE = YES;
				IPHONEOS_DEPLOYMENT_TARGET = 16.0;
				MTL_ENABLE_DEBUG_INFO = INCLUDE_SOURCE;
				MTL_FAST_MATH = YES;
				ONLY_ACTIVE_ARCH = YES;
				SDKROOT = iphoneos;
				SWIFT_ACTIVE_COMPILATION_CONDITIONS = DEBUG;
				SWIFT_OPTIMIZATION_LEVEL = "-Onone";
			};
			name = Debug;
		};
		FABDC427293937CC00674C9C /* Release */ = {
			isa = XCBuildConfiguration;
			buildSettings = {
				ALWAYS_SEARCH_USER_PATHS = NO;
				CLANG_ANALYZER_NONNULL = YES;
				CLANG_ANALYZER_NUMBER_OBJECT_CONVERSION = YES_AGGRESSIVE;
				CLANG_CXX_LANGUAGE_STANDARD = "gnu++20";
				CLANG_ENABLE_MODULES = YES;
				CLANG_ENABLE_OBJC_ARC = YES;
				CLANG_ENABLE_OBJC_WEAK = YES;
				CLANG_WARN_BLOCK_CAPTURE_AUTORELEASING = YES;
				CLANG_WARN_BOOL_CONVERSION = YES;
				CLANG_WARN_COMMA = YES;
				CLANG_WARN_CONSTANT_CONVERSION = YES;
				CLANG_WARN_DEPRECATED_OBJC_IMPLEMENTATIONS = YES;
				CLANG_WARN_DIRECT_OBJC_ISA_USAGE = YES_ERROR;
				CLANG_WARN_DOCUMENTATION_COMMENTS = YES;
				CLANG_WARN_EMPTY_BODY = YES;
				CLANG_WARN_ENUM_CONVERSION = YES;
				CLANG_WARN_INFINITE_RECURSION = YES;
				CLANG_WARN_INT_CONVERSION = YES;
				CLANG_WARN_NON_LITERAL_NULL_CONVERSION = YES;
				CLANG_WARN_OBJC_IMPLICIT_RETAIN_SELF = YES;
				CLANG_WARN_OBJC_LITERAL_CONVERSION = YES;
				CLANG_WARN_OBJC_ROOT_CLASS = YES_ERROR;
				CLANG_WARN_QUOTED_INCLUDE_IN_FRAMEWORK_HEADER = YES;
				CLANG_WARN_RANGE_LOOP_ANALYSIS = YES;
				CLANG_WARN_STRICT_PROTOTYPES = YES;
				CLANG_WARN_SUSPICIOUS_MOVE = YES;
				CLANG_WARN_UNGUARDED_AVAILABILITY = YES_AGGRESSIVE;
				CLANG_WARN_UNREACHABLE_CODE = YES;
				CLANG_WARN__DUPLICATE_METHOD_MATCH = YES;
				COPY_PHASE_STRIP = NO;
				DEBUG_INFORMATION_FORMAT = "dwarf-with-dsym";
				ENABLE_NS_ASSERTIONS = NO;
				ENABLE_STRICT_OBJC_MSGSEND = YES;
				GCC_C_LANGUAGE_STANDARD = gnu11;
				GCC_NO_COMMON_BLOCKS = YES;
				GCC_WARN_64_TO_32_BIT_CONVERSION = YES;
				GCC_WARN_ABOUT_RETURN_TYPE = YES_ERROR;
				GCC_WARN_UNDECLARED_SELECTOR = YES;
				GCC_WARN_UNINITIALIZED_AUTOS = YES_AGGRESSIVE;
				GCC_WARN_UNUSED_FUNCTION = YES;
				GCC_WARN_UNUSED_VARIABLE = YES;
				IPHONEOS_DEPLOYMENT_TARGET = 16.0;
				MTL_ENABLE_DEBUG_INFO = NO;
				MTL_FAST_MATH = YES;
				SDKROOT = iphoneos;
				SWIFT_COMPILATION_MODE = wholemodule;
				SWIFT_OPTIMIZATION_LEVEL = "-O";
				VALIDATE_PRODUCT = YES;
			};
			name = Release;
		};
		FABDC429293937CC00674C9C /* Debug */ = {
			isa = XCBuildConfiguration;
			buildSettings = {
				ASSETCATALOG_COMPILER_APPICON_NAME = AppIcon;
				ASSETCATALOG_COMPILER_GLOBAL_ACCENT_COLOR_NAME = AccentColor;
				CODE_SIGN_STYLE = Automatic;
				CURRENT_PROJECT_VERSION = 1;
				DEVELOPMENT_TEAM = 9LXMKAWP4H;
				GENERATE_INFOPLIST_FILE = YES;
				INFOPLIST_FILE = Today/Info.plist;
				INFOPLIST_KEY_UIApplicationSupportsIndirectInputEvents = YES;
				INFOPLIST_KEY_UILaunchStoryboardName = LaunchScreen;
				INFOPLIST_KEY_UIMainStoryboardFile = Main;
				INFOPLIST_KEY_UISupportedInterfaceOrientations_iPad = "UIInterfaceOrientationPortrait UIInterfaceOrientationPortraitUpsideDown UIInterfaceOrientationLandscapeLeft UIInterfaceOrientationLandscapeRight";
				INFOPLIST_KEY_UISupportedInterfaceOrientations_iPhone = "UIInterfaceOrientationPortrait UIInterfaceOrientationLandscapeLeft UIInterfaceOrientationLandscapeRight";
				LD_RUNPATH_SEARCH_PATHS = (
					"$(inherited)",
					"@executable_path/Frameworks",
				);
				MARKETING_VERSION = 1.0;
				PRODUCT_BUNDLE_IDENTIFIER = com.iosApplications.Today;
				PRODUCT_NAME = "$(TARGET_NAME)";
				SWIFT_EMIT_LOC_STRINGS = YES;
				SWIFT_VERSION = 5.0;
				TARGETED_DEVICE_FAMILY = "1,2";
			};
			name = Debug;
		};
		FABDC42A293937CC00674C9C /* Release */ = {
			isa = XCBuildConfiguration;
			buildSettings = {
				ASSETCATALOG_COMPILER_APPICON_NAME = AppIcon;
				ASSETCATALOG_COMPILER_GLOBAL_ACCENT_COLOR_NAME = AccentColor;
				CODE_SIGN_STYLE = Automatic;
				CURRENT_PROJECT_VERSION = 1;
				DEVELOPMENT_TEAM = 9LXMKAWP4H;
				GENERATE_INFOPLIST_FILE = YES;
				INFOPLIST_FILE = Today/Info.plist;
				INFOPLIST_KEY_UIApplicationSupportsIndirectInputEvents = YES;
				INFOPLIST_KEY_UILaunchStoryboardName = LaunchScreen;
				INFOPLIST_KEY_UIMainStoryboardFile = Main;
				INFOPLIST_KEY_UISupportedInterfaceOrientations_iPad = "UIInterfaceOrientationPortrait UIInterfaceOrientationPortraitUpsideDown UIInterfaceOrientationLandscapeLeft UIInterfaceOrientationLandscapeRight";
				INFOPLIST_KEY_UISupportedInterfaceOrientations_iPhone = "UIInterfaceOrientationPortrait UIInterfaceOrientationLandscapeLeft UIInterfaceOrientationLandscapeRight";
				LD_RUNPATH_SEARCH_PATHS = (
					"$(inherited)",
					"@executable_path/Frameworks",
				);
				MARKETING_VERSION = 1.0;
				PRODUCT_BUNDLE_IDENTIFIER = com.iosApplications.Today;
				PRODUCT_NAME = "$(TARGET_NAME)";
				SWIFT_EMIT_LOC_STRINGS = YES;
				SWIFT_VERSION = 5.0;
				TARGETED_DEVICE_FAMILY = "1,2";
			};
			name = Release;
		};
/* End XCBuildConfiguration section */

/* Begin XCConfigurationList section */
		FABDC40F293937CA00674C9C /* Build configuration list for PBXProject "Today" */ = {
			isa = XCConfigurationList;
			buildConfigurations = (
				FABDC426293937CC00674C9C /* Debug */,
				FABDC427293937CC00674C9C /* Release */,
			);
			defaultConfigurationIsVisible = 0;
			defaultConfigurationName = Release;
		};
		FABDC428293937CC00674C9C /* Build configuration list for PBXNativeTarget "Today" */ = {
			isa = XCConfigurationList;
			buildConfigurations = (
				FABDC429293937CC00674C9C /* Debug */,
				FABDC42A293937CC00674C9C /* Release */,
			);
			defaultConfigurationIsVisible = 0;
			defaultConfigurationName = Release;
		};
/* End XCConfigurationList section */
	};
	rootObject = FABDC40C293937CA00674C9C /* Project object */;
}
